// !$*UTF8*$!
{
	archiveVersion = 1;
	classes = {
	};
	objectVersion = 56;
	objects = {

/* Begin PBXBuildFile section */
		C8FFCAF22959E05D00CD0F39 /* AppDelegate.swift in Sources */ = {isa = PBXBuildFile; fileRef = C8FFCAF12959E05D00CD0F39 /* AppDelegate.swift */; };
		C8FFCAF42959E05D00CD0F39 /* SceneDelegate.swift in Sources */ = {isa = PBXBuildFile; fileRef = C8FFCAF32959E05D00CD0F39 /* SceneDelegate.swift */; };
		C8FFCAF62959E05D00CD0F39 /* HomeViewController.swift in Sources */ = {isa = PBXBuildFile; fileRef = C8FFCAF52959E05D00CD0F39 /* HomeViewController.swift */; };
		C8FFCAF92959E05D00CD0F39 /* OnlyTesting.storyboard in Resources */ = {isa = PBXBuildFile; fileRef = C8FFCAF72959E05D00CD0F39 /* OnlyTesting.storyboard */; };
		C8FFCAFB2959E06000CD0F39 /* Assets.xcassets in Resources */ = {isa = PBXBuildFile; fileRef = C8FFCAFA2959E06000CD0F39 /* Assets.xcassets */; };
		C8FFCAFE2959E06000CD0F39 /* LaunchScreen.storyboard in Resources */ = {isa = PBXBuildFile; fileRef = C8FFCAFC2959E06000CD0F39 /* LaunchScreen.storyboard */; };
		C8FFCB072959F39800CD0F39 /* CustomFont.swift in Sources */ = {isa = PBXBuildFile; fileRef = C8FFCB062959F39800CD0F39 /* CustomFont.swift */; };
		C8FFCB0B2959F45D00CD0F39 /* Montserrat-VariableFont_wght.ttf in Resources */ = {isa = PBXBuildFile; fileRef = C8FFCB092959F45D00CD0F39 /* Montserrat-VariableFont_wght.ttf */; };
		C8FFCB0C2959F45D00CD0F39 /* Montserrat-Italic-VariableFont_wght.ttf in Resources */ = {isa = PBXBuildFile; fileRef = C8FFCB0A2959F45D00CD0F39 /* Montserrat-Italic-VariableFont_wght.ttf */; };
		C8FFCB11295A04D800CD0F39 /* ForecastCell.swift in Sources */ = {isa = PBXBuildFile; fileRef = C8FFCB10295A04D800CD0F39 /* ForecastCell.swift */; };
		C8FFCB14295A055100CD0F39 /* Protocols.swift in Sources */ = {isa = PBXBuildFile; fileRef = C8FFCB13295A055100CD0F39 /* Protocols.swift */; };
		C8FFCB17295A05DF00CD0F39 /* Forecast.swift in Sources */ = {isa = PBXBuildFile; fileRef = C8FFCB16295A05DF00CD0F39 /* Forecast.swift */; };
		C8FFCB1A295A23C400CD0F39 /* Endpoint.swift in Sources */ = {isa = PBXBuildFile; fileRef = C8FFCB19295A23C400CD0F39 /* Endpoint.swift */; };
		C8FFCB1C295A244500CD0F39 /* HTTPMethod.swift in Sources */ = {isa = PBXBuildFile; fileRef = C8FFCB1B295A244500CD0F39 /* HTTPMethod.swift */; };
		C8FFCB1E295A245E00CD0F39 /* RequestError.swift in Sources */ = {isa = PBXBuildFile; fileRef = C8FFCB1D295A245E00CD0F39 /* RequestError.swift */; };
		C8FFCB20295A248C00CD0F39 /* HTTPClient.swift in Sources */ = {isa = PBXBuildFile; fileRef = C8FFCB1F295A248C00CD0F39 /* HTTPClient.swift */; };
		C8FFCB23295A264800CD0F39 /* WeatherEndpoint.swift in Sources */ = {isa = PBXBuildFile; fileRef = C8FFCB22295A264800CD0F39 /* WeatherEndpoint.swift */; };
		C8FFCB26295A2A1400CD0F39 /* WeatherService.swift in Sources */ = {isa = PBXBuildFile; fileRef = C8FFCB25295A2A1400CD0F39 /* WeatherService.swift */; };
		C8FFCB28295A2AA500CD0F39 /* Weather.swift in Sources */ = {isa = PBXBuildFile; fileRef = C8FFCB27295A2AA500CD0F39 /* Weather.swift */; };
		C8FFCB2A295C928900CD0F39 /* ForecastViewController.swift in Sources */ = {isa = PBXBuildFile; fileRef = C8FFCB29295C928900CD0F39 /* ForecastViewController.swift */; };
		C8FFCB2C295C95FB00CD0F39 /* ForecastTableCell.swift in Sources */ = {isa = PBXBuildFile; fileRef = C8FFCB2B295C95FB00CD0F39 /* ForecastTableCell.swift */; };
		C8FFCB2E295CAD4300CD0F39 /* AddCityViewController.swift in Sources */ = {isa = PBXBuildFile; fileRef = C8FFCB2D295CAD4300CD0F39 /* AddCityViewController.swift */; };
		C8FFCB30295CD47D00CD0F39 /* City.swift in Sources */ = {isa = PBXBuildFile; fileRef = C8FFCB2F295CD47D00CD0F39 /* City.swift */; };
/* End PBXBuildFile section */

/* Begin PBXFileReference section */
		C8FFCAEE2959E05D00CD0F39 /* WeatherApp.app */ = {isa = PBXFileReference; explicitFileType = wrapper.application; includeInIndex = 0; path = WeatherApp.app; sourceTree = BUILT_PRODUCTS_DIR; };
		C8FFCAF12959E05D00CD0F39 /* AppDelegate.swift */ = {isa = PBXFileReference; lastKnownFileType = sourcecode.swift; path = AppDelegate.swift; sourceTree = "<group>"; };
		C8FFCAF32959E05D00CD0F39 /* SceneDelegate.swift */ = {isa = PBXFileReference; lastKnownFileType = sourcecode.swift; path = SceneDelegate.swift; sourceTree = "<group>"; };
		C8FFCAF52959E05D00CD0F39 /* HomeViewController.swift */ = {isa = PBXFileReference; lastKnownFileType = sourcecode.swift; path = HomeViewController.swift; sourceTree = "<group>"; };
		C8FFCAF82959E05D00CD0F39 /* Base */ = {isa = PBXFileReference; lastKnownFileType = file.storyboard; name = Base; path = Base.lproj/OnlyTesting.storyboard; sourceTree = "<group>"; };
		C8FFCAFA2959E06000CD0F39 /* Assets.xcassets */ = {isa = PBXFileReference; lastKnownFileType = folder.assetcatalog; path = Assets.xcassets; sourceTree = "<group>"; };
		C8FFCAFD2959E06000CD0F39 /* Base */ = {isa = PBXFileReference; lastKnownFileType = file.storyboard; name = Base; path = Base.lproj/LaunchScreen.storyboard; sourceTree = "<group>"; };
		C8FFCAFF2959E06000CD0F39 /* Info.plist */ = {isa = PBXFileReference; lastKnownFileType = text.plist.xml; path = Info.plist; sourceTree = "<group>"; };
		C8FFCB062959F39800CD0F39 /* CustomFont.swift */ = {isa = PBXFileReference; lastKnownFileType = sourcecode.swift; path = CustomFont.swift; sourceTree = "<group>"; };
		C8FFCB092959F45D00CD0F39 /* Montserrat-VariableFont_wght.ttf */ = {isa = PBXFileReference; lastKnownFileType = file; path = "Montserrat-VariableFont_wght.ttf"; sourceTree = "<group>"; };
		C8FFCB0A2959F45D00CD0F39 /* Montserrat-Italic-VariableFont_wght.ttf */ = {isa = PBXFileReference; lastKnownFileType = file; path = "Montserrat-Italic-VariableFont_wght.ttf"; sourceTree = "<group>"; };
		C8FFCB10295A04D800CD0F39 /* ForecastCell.swift */ = {isa = PBXFileReference; lastKnownFileType = sourcecode.swift; path = ForecastCell.swift; sourceTree = "<group>"; };
		C8FFCB13295A055100CD0F39 /* Protocols.swift */ = {isa = PBXFileReference; lastKnownFileType = sourcecode.swift; path = Protocols.swift; sourceTree = "<group>"; };
		C8FFCB16295A05DF00CD0F39 /* Forecast.swift */ = {isa = PBXFileReference; lastKnownFileType = sourcecode.swift; path = Forecast.swift; sourceTree = "<group>"; };
		C8FFCB19295A23C400CD0F39 /* Endpoint.swift */ = {isa = PBXFileReference; lastKnownFileType = sourcecode.swift; path = Endpoint.swift; sourceTree = "<group>"; };
		C8FFCB1B295A244500CD0F39 /* HTTPMethod.swift */ = {isa = PBXFileReference; lastKnownFileType = sourcecode.swift; path = HTTPMethod.swift; sourceTree = "<group>"; };
		C8FFCB1D295A245E00CD0F39 /* RequestError.swift */ = {isa = PBXFileReference; lastKnownFileType = sourcecode.swift; path = RequestError.swift; sourceTree = "<group>"; };
		C8FFCB1F295A248C00CD0F39 /* HTTPClient.swift */ = {isa = PBXFileReference; lastKnownFileType = sourcecode.swift; path = HTTPClient.swift; sourceTree = "<group>"; };
		C8FFCB22295A264800CD0F39 /* WeatherEndpoint.swift */ = {isa = PBXFileReference; lastKnownFileType = sourcecode.swift; path = WeatherEndpoint.swift; sourceTree = "<group>"; };
		C8FFCB25295A2A1400CD0F39 /* WeatherService.swift */ = {isa = PBXFileReference; lastKnownFileType = sourcecode.swift; path = WeatherService.swift; sourceTree = "<group>"; };
		C8FFCB27295A2AA500CD0F39 /* Weather.swift */ = {isa = PBXFileReference; lastKnownFileType = sourcecode.swift; path = Weather.swift; sourceTree = "<group>"; };
		C8FFCB29295C928900CD0F39 /* ForecastViewController.swift */ = {isa = PBXFileReference; lastKnownFileType = sourcecode.swift; path = ForecastViewController.swift; sourceTree = "<group>"; };
		C8FFCB2B295C95FB00CD0F39 /* ForecastTableCell.swift */ = {isa = PBXFileReference; lastKnownFileType = sourcecode.swift; path = ForecastTableCell.swift; sourceTree = "<group>"; };
		C8FFCB2D295CAD4300CD0F39 /* AddCityViewController.swift */ = {isa = PBXFileReference; lastKnownFileType = sourcecode.swift; path = AddCityViewController.swift; sourceTree = "<group>"; };
		C8FFCB2F295CD47D00CD0F39 /* City.swift */ = {isa = PBXFileReference; lastKnownFileType = sourcecode.swift; path = City.swift; sourceTree = "<group>"; };
/* End PBXFileReference section */

/* Begin PBXFrameworksBuildPhase section */
		C8FFCAEB2959E05D00CD0F39 /* Frameworks */ = {
			isa = PBXFrameworksBuildPhase;
			buildActionMask = 2147483647;
			files = (
			);
			runOnlyForDeploymentPostprocessing = 0;
		};
/* End PBXFrameworksBuildPhase section */

/* Begin PBXGroup section */
		C8FFCAE52959E05D00CD0F39 = {
			isa = PBXGroup;
			children = (
				C8FFCAF02959E05D00CD0F39 /* WeatherApp */,
				C8FFCAEF2959E05D00CD0F39 /* Products */,
			);
			sourceTree = "<group>";
		};
		C8FFCAEF2959E05D00CD0F39 /* Products */ = {
			isa = PBXGroup;
			children = (
				C8FFCAEE2959E05D00CD0F39 /* WeatherApp.app */,
			);
			name = Products;
			sourceTree = "<group>";
		};
		C8FFCAF02959E05D00CD0F39 /* WeatherApp */ = {
			isa = PBXGroup;
			children = (
				C8FFCB24295A2A0700CD0F39 /* Service */,
				C8FFCB21295A263100CD0F39 /* Endpoints */,
				C8FFCB18295A23BB00CD0F39 /* Base */,
				C8FFCB12295A054600CD0F39 /* Protocols */,
				C8FFCB082959F44900CD0F39 /* Fonts */,
				C8FFCB052959F38200CD0F39 /* Extensions */,
				C8FFCAF12959E05D00CD0F39 /* AppDelegate.swift */,
				C8FFCAF32959E05D00CD0F39 /* SceneDelegate.swift */,
				C8FFCB15295A05AC00CD0F39 /* Models */,
				C8FFCB0D295A04A100CD0F39 /* Views */,
				C8FFCB0F295A04AD00CD0F39 /* Controllers */,
				C8FFCAF72959E05D00CD0F39 /* OnlyTesting.storyboard */,
				C8FFCAFA2959E06000CD0F39 /* Assets.xcassets */,
				C8FFCAFC2959E06000CD0F39 /* LaunchScreen.storyboard */,
				C8FFCAFF2959E06000CD0F39 /* Info.plist */,
			);
			path = WeatherApp;
			sourceTree = "<group>";
		};
		C8FFCB052959F38200CD0F39 /* Extensions */ = {
			isa = PBXGroup;
			children = (
				C8FFCB062959F39800CD0F39 /* CustomFont.swift */,
			);
			path = Extensions;
			sourceTree = "<group>";
		};
		C8FFCB082959F44900CD0F39 /* Fonts */ = {
			isa = PBXGroup;
			children = (
				C8FFCB0A2959F45D00CD0F39 /* Montserrat-Italic-VariableFont_wght.ttf */,
				C8FFCB092959F45D00CD0F39 /* Montserrat-VariableFont_wght.ttf */,
			);
			path = Fonts;
			sourceTree = "<group>";
		};
		C8FFCB0D295A04A100CD0F39 /* Views */ = {
			isa = PBXGroup;
			children = (
				C8FFCB10295A04D800CD0F39 /* ForecastCell.swift */,
				C8FFCB2B295C95FB00CD0F39 /* ForecastTableCell.swift */,
			);
			path = Views;
			sourceTree = "<group>";
		};
		C8FFCB0F295A04AD00CD0F39 /* Controllers */ = {
			isa = PBXGroup;
			children = (
				C8FFCAF52959E05D00CD0F39 /* HomeViewController.swift */,
				C8FFCB29295C928900CD0F39 /* ForecastViewController.swift */,
				C8FFCB2D295CAD4300CD0F39 /* AddCityViewController.swift */,
			);
			path = Controllers;
			sourceTree = "<group>";
		};
		C8FFCB12295A054600CD0F39 /* Protocols */ = {
			isa = PBXGroup;
			children = (
				C8FFCB13295A055100CD0F39 /* Protocols.swift */,
			);
			path = Protocols;
			sourceTree = "<group>";
		};
		C8FFCB15295A05AC00CD0F39 /* Models */ = {
			isa = PBXGroup;
			children = (
				C8FFCB16295A05DF00CD0F39 /* Forecast.swift */,
				C8FFCB27295A2AA500CD0F39 /* Weather.swift */,
				C8FFCB2F295CD47D00CD0F39 /* City.swift */,
			);
			path = Models;
			sourceTree = "<group>";
		};
		C8FFCB18295A23BB00CD0F39 /* Base */ = {
			isa = PBXGroup;
			children = (
				C8FFCB19295A23C400CD0F39 /* Endpoint.swift */,
				C8FFCB1B295A244500CD0F39 /* HTTPMethod.swift */,
				C8FFCB1D295A245E00CD0F39 /* RequestError.swift */,
				C8FFCB1F295A248C00CD0F39 /* HTTPClient.swift */,
			);
			path = Base;
			sourceTree = "<group>";
		};
		C8FFCB21295A263100CD0F39 /* Endpoints */ = {
			isa = PBXGroup;
			children = (
				C8FFCB22295A264800CD0F39 /* WeatherEndpoint.swift */,
			);
			path = Endpoints;
			sourceTree = "<group>";
		};
		C8FFCB24295A2A0700CD0F39 /* Service */ = {
			isa = PBXGroup;
			children = (
				C8FFCB25295A2A1400CD0F39 /* WeatherService.swift */,
			);
			path = Service;
			sourceTree = "<group>";
		};
/* End PBXGroup section */

/* Begin PBXNativeTarget section */
		C8FFCAED2959E05D00CD0F39 /* WeatherApp */ = {
			isa = PBXNativeTarget;
			buildConfigurationList = C8FFCB022959E06000CD0F39 /* Build configuration list for PBXNativeTarget "WeatherApp" */;
			buildPhases = (
				C8FFCAEA2959E05D00CD0F39 /* Sources */,
				C8FFCAEB2959E05D00CD0F39 /* Frameworks */,
				C8FFCAEC2959E05D00CD0F39 /* Resources */,
			);
			buildRules = (
			);
			dependencies = (
			);
			name = WeatherApp;
			productName = WeatherApp;
			productReference = C8FFCAEE2959E05D00CD0F39 /* WeatherApp.app */;
			productType = "com.apple.product-type.application";
		};
/* End PBXNativeTarget section */

/* Begin PBXProject section */
		C8FFCAE62959E05D00CD0F39 /* Project object */ = {
			isa = PBXProject;
			attributes = {
				BuildIndependentTargetsInParallel = 1;
				LastSwiftUpdateCheck = 1410;
				LastUpgradeCheck = 1410;
				TargetAttributes = {
					C8FFCAED2959E05D00CD0F39 = {
						CreatedOnToolsVersion = 14.1;
					};
				};
			};
			buildConfigurationList = C8FFCAE92959E05D00CD0F39 /* Build configuration list for PBXProject "WeatherApp" */;
			compatibilityVersion = "Xcode 14.0";
			developmentRegion = en;
			hasScannedForEncodings = 0;
			knownRegions = (
				en,
				Base,
			);
			mainGroup = C8FFCAE52959E05D00CD0F39;
			productRefGroup = C8FFCAEF2959E05D00CD0F39 /* Products */;
			projectDirPath = "";
			projectRoot = "";
			targets = (
				C8FFCAED2959E05D00CD0F39 /* WeatherApp */,
			);
		};
/* End PBXProject section */

/* Begin PBXResourcesBuildPhase section */
		C8FFCAEC2959E05D00CD0F39 /* Resources */ = {
			isa = PBXResourcesBuildPhase;
			buildActionMask = 2147483647;
			files = (
				C8FFCB0C2959F45D00CD0F39 /* Montserrat-Italic-VariableFont_wght.ttf in Resources */,
				C8FFCB0B2959F45D00CD0F39 /* Montserrat-VariableFont_wght.ttf in Resources */,
				C8FFCAFE2959E06000CD0F39 /* LaunchScreen.storyboard in Resources */,
				C8FFCAFB2959E06000CD0F39 /* Assets.xcassets in Resources */,
				C8FFCAF92959E05D00CD0F39 /* OnlyTesting.storyboard in Resources */,
			);
			runOnlyForDeploymentPostprocessing = 0;
		};
/* End PBXResourcesBuildPhase section */

/* Begin PBXSourcesBuildPhase section */
		C8FFCAEA2959E05D00CD0F39 /* Sources */ = {
			isa = PBXSourcesBuildPhase;
			buildActionMask = 2147483647;
			files = (
				C8FFCB11295A04D800CD0F39 /* ForecastCell.swift in Sources */,
				C8FFCB2C295C95FB00CD0F39 /* ForecastTableCell.swift in Sources */,
				C8FFCB30295CD47D00CD0F39 /* City.swift in Sources */,
				C8FFCAF62959E05D00CD0F39 /* HomeViewController.swift in Sources */,
				C8FFCB2A295C928900CD0F39 /* ForecastViewController.swift in Sources */,
				C8FFCB1A295A23C400CD0F39 /* Endpoint.swift in Sources */,
				C8FFCB17295A05DF00CD0F39 /* Forecast.swift in Sources */,
				C8FFCB072959F39800CD0F39 /* CustomFont.swift in Sources */,
				C8FFCB23295A264800CD0F39 /* WeatherEndpoint.swift in Sources */,
				C8FFCB28295A2AA500CD0F39 /* Weather.swift in Sources */,
				C8FFCB1C295A244500CD0F39 /* HTTPMethod.swift in Sources */,
				C8FFCB20295A248C00CD0F39 /* HTTPClient.swift in Sources */,
				C8FFCB1E295A245E00CD0F39 /* RequestError.swift in Sources */,
				C8FFCB14295A055100CD0F39 /* Protocols.swift in Sources */,
				C8FFCAF22959E05D00CD0F39 /* AppDelegate.swift in Sources */,
				C8FFCB2E295CAD4300CD0F39 /* AddCityViewController.swift in Sources */,
				C8FFCAF42959E05D00CD0F39 /* SceneDelegate.swift in Sources */,
				C8FFCB26295A2A1400CD0F39 /* WeatherService.swift in Sources */,
			);
			runOnlyForDeploymentPostprocessing = 0;
		};
/* End PBXSourcesBuildPhase section */

/* Begin PBXVariantGroup section */
		C8FFCAF72959E05D00CD0F39 /* OnlyTesting.storyboard */ = {
			isa = PBXVariantGroup;
			children = (
				C8FFCAF82959E05D00CD0F39 /* Base */,
			);
			name = OnlyTesting.storyboard;
			sourceTree = "<group>";
		};
		C8FFCAFC2959E06000CD0F39 /* LaunchScreen.storyboard */ = {
			isa = PBXVariantGroup;
			children = (
				C8FFCAFD2959E06000CD0F39 /* Base */,
			);
			name = LaunchScreen.storyboard;
			sourceTree = "<group>";
		};
/* End PBXVariantGroup section */

/* Begin XCBuildConfiguration section */
		C8FFCB002959E06000CD0F39 /* Debug */ = {
			isa = XCBuildConfiguration;
			buildSettings = {
				ALWAYS_SEARCH_USER_PATHS = NO;
				CLANG_ANALYZER_NONNULL = YES;
				CLANG_ANALYZER_NUMBER_OBJECT_CONVERSION = YES_AGGRESSIVE;
				CLANG_CXX_LANGUAGE_STANDARD = "gnu++20";
				CLANG_ENABLE_MODULES = YES;
				CLANG_ENABLE_OBJC_ARC = YES;
				CLANG_ENABLE_OBJC_WEAK = YES;
				CLANG_WARN_BLOCK_CAPTURE_AUTORELEASING = YES;
				CLANG_WARN_BOOL_CONVERSION = YES;
				CLANG_WARN_COMMA = YES;
				CLANG_WARN_CONSTANT_CONVERSION = YES;
				CLANG_WARN_DEPRECATED_OBJC_IMPLEMENTATIONS = YES;
				CLANG_WARN_DIRECT_OBJC_ISA_USAGE = YES_ERROR;
				CLANG_WARN_DOCUMENTATION_COMMENTS = YES;
				CLANG_WARN_EMPTY_BODY = YES;
				CLANG_WARN_ENUM_CONVERSION = YES;
				CLANG_WARN_INFINITE_RECURSION = YES;
				CLANG_WARN_INT_CONVERSION = YES;
				CLANG_WARN_NON_LITERAL_NULL_CONVERSION = YES;
				CLANG_WARN_OBJC_IMPLICIT_RETAIN_SELF = YES;
				CLANG_WARN_OBJC_LITERAL_CONVERSION = YES;
				CLANG_WARN_OBJC_ROOT_CLASS = YES_ERROR;
				CLANG_WARN_QUOTED_INCLUDE_IN_FRAMEWORK_HEADER = YES;
				CLANG_WARN_RANGE_LOOP_ANALYSIS = YES;
				CLANG_WARN_STRICT_PROTOTYPES = YES;
				CLANG_WARN_SUSPICIOUS_MOVE = YES;
				CLANG_WARN_UNGUARDED_AVAILABILITY = YES_AGGRESSIVE;
				CLANG_WARN_UNREACHABLE_CODE = YES;
				CLANG_WARN__DUPLICATE_METHOD_MATCH = YES;
				COPY_PHASE_STRIP = NO;
				DEBUG_INFORMATION_FORMAT = dwarf;
				ENABLE_STRICT_OBJC_MSGSEND = YES;
				ENABLE_TESTABILITY = YES;
				GCC_C_LANGUAGE_STANDARD = gnu11;
				GCC_DYNAMIC_NO_PIC = NO;
				GCC_NO_COMMON_BLOCKS = YES;
				GCC_OPTIMIZATION_LEVEL = 0;
				GCC_PREPROCESSOR_DEFINITIONS = (
					"DEBUG=1",
					"$(inherited)",
				);
				GCC_WARN_64_TO_32_BIT_CONVERSION = YES;
				GCC_WARN_ABOUT_RETURN_TYPE = YES_ERROR;
				GCC_WARN_UNDECLARED_SELECTOR = YES;
				GCC_WARN_UNINITIALIZED_AUTOS = YES_AGGRESSIVE;
				GCC_WARN_UNUSED_FUNCTION = YES;
				GCC_WARN_UNUSED_VARIABLE = YES;
				IPHONEOS_DEPLOYMENT_TARGET = 16.1;
				MTL_ENABLE_DEBUG_INFO = INCLUDE_SOURCE;
				MTL_FAST_MATH = YES;
				ONLY_ACTIVE_ARCH = YES;
				SDKROOT = iphoneos;
				SWIFT_ACTIVE_COMPILATION_CONDITIONS = DEBUG;
				SWIFT_OPTIMIZATION_LEVEL = "-Onone";
			};
			name = Debug;
		};
		C8FFCB012959E06000CD0F39 /* Release */ = {
			isa = XCBuildConfiguration;
			buildSettings = {
				ALWAYS_SEARCH_USER_PATHS = NO;
				CLANG_ANALYZER_NONNULL = YES;
				CLANG_ANALYZER_NUMBER_OBJECT_CONVERSION = YES_AGGRESSIVE;
				CLANG_CXX_LANGUAGE_STANDARD = "gnu++20";
				CLANG_ENABLE_MODULES = YES;
				CLANG_ENABLE_OBJC_ARC = YES;
				CLANG_ENABLE_OBJC_WEAK = YES;
				CLANG_WARN_BLOCK_CAPTURE_AUTORELEASING = YES;
				CLANG_WARN_BOOL_CONVERSION = YES;
				CLANG_WARN_COMMA = YES;
				CLANG_WARN_CONSTANT_CONVERSION = YES;
				CLANG_WARN_DEPRECATED_OBJC_IMPLEMENTATIONS = YES;
				CLANG_WARN_DIRECT_OBJC_ISA_USAGE = YES_ERROR;
				CLANG_WARN_DOCUMENTATION_COMMENTS = YES;
				CLANG_WARN_EMPTY_BODY = YES;
				CLANG_WARN_ENUM_CONVERSION = YES;
				CLANG_WARN_INFINITE_RECURSION = YES;
				CLANG_WARN_INT_CONVERSION = YES;
				CLANG_WARN_NON_LITERAL_NULL_CONVERSION = YES;
				CLANG_WARN_OBJC_IMPLICIT_RETAIN_SELF = YES;
				CLANG_WARN_OBJC_LITERAL_CONVERSION = YES;
				CLANG_WARN_OBJC_ROOT_CLASS = YES_ERROR;
				CLANG_WARN_QUOTED_INCLUDE_IN_FRAMEWORK_HEADER = YES;
				CLANG_WARN_RANGE_LOOP_ANALYSIS = YES;
				CLANG_WARN_STRICT_PROTOTYPES = YES;
				CLANG_WARN_SUSPICIOUS_MOVE = YES;
				CLANG_WARN_UNGUARDED_AVAILABILITY = YES_AGGRESSIVE;
				CLANG_WARN_UNREACHABLE_CODE = YES;
				CLANG_WARN__DUPLICATE_METHOD_MATCH = YES;
				COPY_PHASE_STRIP = NO;
				DEBUG_INFORMATION_FORMAT = "dwarf-with-dsym";
				ENABLE_NS_ASSERTIONS = NO;
				ENABLE_STRICT_OBJC_MSGSEND = YES;
				GCC_C_LANGUAGE_STANDARD = gnu11;
				GCC_NO_COMMON_BLOCKS = YES;
				GCC_WARN_64_TO_32_BIT_CONVERSION = YES;
				GCC_WARN_ABOUT_RETURN_TYPE = YES_ERROR;
				GCC_WARN_UNDECLARED_SELECTOR = YES;
				GCC_WARN_UNINITIALIZED_AUTOS = YES_AGGRESSIVE;
				GCC_WARN_UNUSED_FUNCTION = YES;
				GCC_WARN_UNUSED_VARIABLE = YES;
				IPHONEOS_DEPLOYMENT_TARGET = 16.1;
				MTL_ENABLE_DEBUG_INFO = NO;
				MTL_FAST_MATH = YES;
				SDKROOT = iphoneos;
				SWIFT_COMPILATION_MODE = wholemodule;
				SWIFT_OPTIMIZATION_LEVEL = "-O";
				VALIDATE_PRODUCT = YES;
			};
			name = Release;
		};
		C8FFCB032959E06000CD0F39 /* Debug */ = {
			isa = XCBuildConfiguration;
			buildSettings = {
				ASSETCATALOG_COMPILER_APPICON_NAME = AppIcon;
				ASSETCATALOG_COMPILER_GLOBAL_ACCENT_COLOR_NAME = AccentColor;
				CODE_SIGN_STYLE = Automatic;
				CURRENT_PROJECT_VERSION = 1;
				GENERATE_INFOPLIST_FILE = YES;
				INFOPLIST_FILE = WeatherApp/Info.plist;
				INFOPLIST_KEY_UIApplicationSupportsIndirectInputEvents = YES;
				INFOPLIST_KEY_UILaunchStoryboardName = LaunchScreen;
				INFOPLIST_KEY_UISupportedInterfaceOrientations = UIInterfaceOrientationPortrait;
				LD_RUNPATH_SEARCH_PATHS = (
					"$(inherited)",
					"@executable_path/Frameworks",
				);
				MARKETING_VERSION = 1.0;
				PRODUCT_BUNDLE_IDENTIFIER = com.danielv.WeatherApp;
				PRODUCT_NAME = "$(TARGET_NAME)";
				SWIFT_EMIT_LOC_STRINGS = YES;
				SWIFT_VERSION = 5.0;
				TARGETED_DEVICE_FAMILY = "1,2";
			};
			name = Debug;
		};
		C8FFCB042959E06000CD0F39 /* Release */ = {
			isa = XCBuildConfiguration;
			buildSettings = {
				ASSETCATALOG_COMPILER_APPICON_NAME = AppIcon;
				ASSETCATALOG_COMPILER_GLOBAL_ACCENT_COLOR_NAME = AccentColor;
				CODE_SIGN_STYLE = Automatic;
				CURRENT_PROJECT_VERSION = 1;
				GENERATE_INFOPLIST_FILE = YES;
				INFOPLIST_FILE = WeatherApp/Info.plist;
				INFOPLIST_KEY_UIApplicationSupportsIndirectInputEvents = YES;
				INFOPLIST_KEY_UILaunchStoryboardName = LaunchScreen;
				INFOPLIST_KEY_UISupportedInterfaceOrientations = UIInterfaceOrientationPortrait;
				LD_RUNPATH_SEARCH_PATHS = (
					"$(inherited)",
					"@executable_path/Frameworks",
				);
				MARKETING_VERSION = 1.0;
				PRODUCT_BUNDLE_IDENTIFIER = com.danielv.WeatherApp;
				PRODUCT_NAME = "$(TARGET_NAME)";
				SWIFT_EMIT_LOC_STRINGS = YES;
				SWIFT_VERSION = 5.0;
				TARGETED_DEVICE_FAMILY = "1,2";
			};
			name = Release;
		};
/* End XCBuildConfiguration section */

/* Begin XCConfigurationList section */
		C8FFCAE92959E05D00CD0F39 /* Build configuration list for PBXProject "WeatherApp" */ = {
			isa = XCConfigurationList;
			buildConfigurations = (
				C8FFCB002959E06000CD0F39 /* Debug */,
				C8FFCB012959E06000CD0F39 /* Release */,
			);
			defaultConfigurationIsVisible = 0;
			defaultConfigurationName = Release;
		};
		C8FFCB022959E06000CD0F39 /* Build configuration list for PBXNativeTarget "WeatherApp" */ = {
			isa = XCConfigurationList;
			buildConfigurations = (
				C8FFCB032959E06000CD0F39 /* Debug */,
				C8FFCB042959E06000CD0F39 /* Release */,
			);
			defaultConfigurationIsVisible = 0;
			defaultConfigurationName = Release;
		};
/* End XCConfigurationList section */
	};
	rootObject = C8FFCAE62959E05D00CD0F39 /* Project object */;
}
